
Microsoft Visual Studio Solution File, Format Version 12.00
# Visual Studio Version 16
VisualStudioVersion = 16.0.29905.134
MinimumVisualStudioVersion = 10.0.40219.1
Project("{8BC9CEB8-8B4A-11D0-8D11-00A0C91BC942}") = "АиСД 6 лаб", "АиСД 6 лаб\АиСД 6 лаб.vcxproj", "{8A128C0C-C062-429C-A713-0E1E4E5DAA19}"
EndProject
Global
	GlobalSection(SolutionConfigurationPlatforms) = preSolution
		Debug|x64 = Debug|x64
		Debug|x86 = Debug|x86
		Release|x64 = Release|x64
		Release|x86 = Release|x86
	EndGlobalSection
	GlobalSection(ProjectConfigurationPlatforms) = postSolution
		{8A128C0C-C062-429C-A713-0E1E4E5DAA19}.Debug|x64.ActiveCfg = Debug|x64
		{8A128C0C-C062-429C-A713-0E1E4E5DAA19}.Debug|x64.Build.0 = Debug|x64
		{8A128C0C-C062-429C-A713-0E1E4E5DAA19}.Debug|x86.ActiveCfg = Debug|Win32
		{8A128C0C-C062-429C-A713-0E1E4E5DAA19}.Debug|x86.Build.0 = Debug|Win32
		{8A128C0C-C062-429C-A713-0E1E4E5DAA19}.Release|x64.ActiveCfg = Release|x64
		{8A128C0C-C062-429C-A713-0E1E4E5DAA19}.Release|x64.Build.0 = Release|x64
		{8A128C0C-C062-429C-A713-0E1E4E5DAA19}.Release|x86.ActiveCfg = Release|Win32
		{8A128C0C-C062-429C-A713-0E1E4E5DAA19}.Release|x86.Build.0 = Release|Win32
	EndGlobalSection
	GlobalSection(SolutionProperties) = preSolution
		HideSolutionNode = FALSE
	EndGlobalSection
	GlobalSection(ExtensibilityGlobals) = postSolution
		SolutionGuid = {A7623DED-2E64-4806-B1E7-52F581DB67D1}
	EndGlobalSection
EndGlobal
